// !$*UTF8*$!
{
	archiveVersion = 1;
	classes = {
	};
	objectVersion = 46;
	objects = {

/* Begin PBXBuildFile section */
		B9087398199908AD0061CFE3 /* Cocoa.framework in Frameworks */ = {isa = PBXBuildFile; fileRef = B9087397199908AD0061CFE3 /* Cocoa.framework */; };
		B90873A2199908AD0061CFE3 /* InfoPlist.strings in Resources */ = {isa = PBXBuildFile; fileRef = B90873A0199908AD0061CFE3 /* InfoPlist.strings */; };
		B90873A4199908AD0061CFE3 /* main.m in Sources */ = {isa = PBXBuildFile; fileRef = B90873A3199908AD0061CFE3 /* main.m */; };
		B90873A8199908AD0061CFE3 /* Credits.rtf in Resources */ = {isa = PBXBuildFile; fileRef = B90873A6199908AD0061CFE3 /* Credits.rtf */; };
		B90873AB199908AD0061CFE3 /* AppDelegate.m in Sources */ = {isa = PBXBuildFile; fileRef = B90873AA199908AD0061CFE3 /* AppDelegate.m */; };
		B90873AE199908AD0061CFE3 /* MainMenu.xib in Resources */ = {isa = PBXBuildFile; fileRef = B90873AC199908AD0061CFE3 /* MainMenu.xib */; };
		B90873B0199908AD0061CFE3 /* Images.xcassets in Resources */ = {isa = PBXBuildFile; fileRef = B90873AF199908AD0061CFE3 /* Images.xcassets */; };
		B90873B7199908AE0061CFE3 /* XCTest.framework in Frameworks */ = {isa = PBXBuildFile; fileRef = B90873B6199908AD0061CFE3 /* XCTest.framework */; };
		B90873B8199908AE0061CFE3 /* Cocoa.framework in Frameworks */ = {isa = PBXBuildFile; fileRef = B9087397199908AD0061CFE3 /* Cocoa.framework */; };
		B90873C0199908AE0061CFE3 /* InfoPlist.strings in Resources */ = {isa = PBXBuildFile; fileRef = B90873BE199908AE0061CFE3 /* InfoPlist.strings */; };
		B90873C2199908AE0061CFE3 /* customButtonTests.m in Sources */ = {isa = PBXBuildFile; fileRef = B90873C1199908AE0061CFE3 /* customButtonTests.m */; };
		B90873E519990A500061CFE3 /* icnAct_down.png in Resources */ = {isa = PBXBuildFile; fileRef = B90873CC19990A500061CFE3 /* icnAct_down.png */; };
		B90873E619990A500061CFE3 /* icnAct_off.png in Resources */ = {isa = PBXBuildFile; fileRef = B90873CD19990A500061CFE3 /* icnAct_off.png */; };
		B90873E719990A500061CFE3 /* icnAct_on.png in Resources */ = {isa = PBXBuildFile; fileRef = B90873CE19990A500061CFE3 /* icnAct_on.png */; };
		B908740319990D5D0061CFE3 /* CCButton.m in Sources */ = {isa = PBXBuildFile; fileRef = B908740219990D5D0061CFE3 /* CCButton.m */; };
		B93D8C4D1C9E692800CC3202 /* CCColoredTitleButton.m in Sources */ = {isa = PBXBuildFile; fileRef = B93D8C4C1C9E692800CC3202 /* CCColoredTitleButton.m */; };
		B9F32B291ABD2CE500CC5ABA /* icnMGroup_down.png in Resources */ = {isa = PBXBuildFile; fileRef = B9F32B261ABD2CE500CC5ABA /* icnMGroup_down.png */; };
		B9F32B2A1ABD2CE500CC5ABA /* icnMGroup_off.png in Resources */ = {isa = PBXBuildFile; fileRef = B9F32B271ABD2CE500CC5ABA /* icnMGroup_off.png */; };
		B9F32B2B1ABD2CE500CC5ABA /* icnMGroup_on.png in Resources */ = {isa = PBXBuildFile; fileRef = B9F32B281ABD2CE500CC5ABA /* icnMGroup_on.png */; };
/* End PBXBuildFile section */

/* Begin PBXContainerItemProxy section */
		B90873B9199908AE0061CFE3 /* PBXContainerItemProxy */ = {
			isa = PBXContainerItemProxy;
			containerPortal = B908738C199908AD0061CFE3 /* Project object */;
			proxyType = 1;
			remoteGlobalIDString = B9087393199908AD0061CFE3;
			remoteInfo = customButton;
		};
/* End PBXContainerItemProxy section */

/* Begin PBXFileReference section */
		B9087394199908AD0061CFE3 /* customButton.app */ = {isa = PBXFileReference; explicitFileType = wrapper.application; includeInIndex = 0; path = customButton.app; sourceTree = BUILT_PRODUCTS_DIR; };
		B9087397199908AD0061CFE3 /* Cocoa.framework */ = {isa = PBXFileReference; lastKnownFileType = wrapper.framework; name = Cocoa.framework; path = System/Library/Frameworks/Cocoa.framework; sourceTree = SDKROOT; };
		B908739A199908AD0061CFE3 /* AppKit.framework */ = {isa = PBXFileReference; lastKnownFileType = wrapper.framework; name = AppKit.framework; path = System/Library/Frameworks/AppKit.framework; sourceTree = SDKROOT; };
		B908739B199908AD0061CFE3 /* CoreData.framework */ = {isa = PBXFileReference; lastKnownFileType = wrapper.framework; name = CoreData.framework; path = System/Library/Frameworks/CoreData.framework; sourceTree = SDKROOT; };
		B908739C199908AD0061CFE3 /* Foundation.framework */ = {isa = PBXFileReference; lastKnownFileType = wrapper.framework; name = Foundation.framework; path = System/Library/Frameworks/Foundation.framework; sourceTree = SDKROOT; };
		B908739F199908AD0061CFE3 /* customButton-Info.plist */ = {isa = PBXFileReference; lastKnownFileType = text.plist.xml; path = "customButton-Info.plist"; sourceTree = "<group>"; };
		B90873A1199908AD0061CFE3 /* en */ = {isa = PBXFileReference; lastKnownFileType = text.plist.strings; name = en; path = en.lproj/InfoPlist.strings; sourceTree = "<group>"; };
		B90873A3199908AD0061CFE3 /* main.m */ = {isa = PBXFileReference; lastKnownFileType = sourcecode.c.objc; path = main.m; sourceTree = "<group>"; };
		B90873A5199908AD0061CFE3 /* customButton-Prefix.pch */ = {isa = PBXFileReference; lastKnownFileType = sourcecode.c.h; path = "customButton-Prefix.pch"; sourceTree = "<group>"; };
		B90873A7199908AD0061CFE3 /* en */ = {isa = PBXFileReference; lastKnownFileType = text.rtf; name = en; path = en.lproj/Credits.rtf; sourceTree = "<group>"; };
		B90873A9199908AD0061CFE3 /* AppDelegate.h */ = {isa = PBXFileReference; lastKnownFileType = sourcecode.c.h; path = AppDelegate.h; sourceTree = "<group>"; };
		B90873AA199908AD0061CFE3 /* AppDelegate.m */ = {isa = PBXFileReference; lastKnownFileType = sourcecode.c.objc; path = AppDelegate.m; sourceTree = "<group>"; };
		B90873AD199908AD0061CFE3 /* Base */ = {isa = PBXFileReference; lastKnownFileType = file.xib; name = Base; path = Base.lproj/MainMenu.xib; sourceTree = "<group>"; };
		B90873AF199908AD0061CFE3 /* Images.xcassets */ = {isa = PBXFileReference; lastKnownFileType = folder.assetcatalog; path = Images.xcassets; sourceTree = "<group>"; };
		B90873B5199908AD0061CFE3 /* customButtonTests.xctest */ = {isa = PBXFileReference; explicitFileType = wrapper.cfbundle; includeInIndex = 0; path = customButtonTests.xctest; sourceTree = BUILT_PRODUCTS_DIR; };
		B90873B6199908AD0061CFE3 /* XCTest.framework */ = {isa = PBXFileReference; lastKnownFileType = wrapper.framework; name = XCTest.framework; path = Library/Frameworks/XCTest.framework; sourceTree = DEVELOPER_DIR; };
		B90873BD199908AE0061CFE3 /* customButtonTests-Info.plist */ = {isa = PBXFileReference; lastKnownFileType = text.plist.xml; path = "customButtonTests-Info.plist"; sourceTree = "<group>"; };
		B90873BF199908AE0061CFE3 /* en */ = {isa = PBXFileReference; lastKnownFileType = text.plist.strings; name = en; path = en.lproj/InfoPlist.strings; sourceTree = "<group>"; };
		B90873C1199908AE0061CFE3 /* customButtonTests.m */ = {isa = PBXFileReference; lastKnownFileType = sourcecode.c.objc; path = customButtonTests.m; sourceTree = "<group>"; };
		B90873CC19990A500061CFE3 /* icnAct_down.png */ = {isa = PBXFileReference; lastKnownFileType = image.png; path = icnAct_down.png; sourceTree = "<group>"; };
		B90873CD19990A500061CFE3 /* icnAct_off.png */ = {isa = PBXFileReference; lastKnownFileType = image.png; path = icnAct_off.png; sourceTree = "<group>"; };
		B90873CE19990A500061CFE3 /* icnAct_on.png */ = {isa = PBXFileReference; lastKnownFileType = image.png; path = icnAct_on.png; sourceTree = "<group>"; };
		B908740119990D5D0061CFE3 /* CCButton.h */ = {isa = PBXFileReference; fileEncoding = 4; lastKnownFileType = sourcecode.c.h; path = CCButton.h; sourceTree = "<group>"; };
		B908740219990D5D0061CFE3 /* CCButton.m */ = {isa = PBXFileReference; fileEncoding = 4; lastKnownFileType = sourcecode.c.objc; path = CCButton.m; sourceTree = "<group>"; };
		B93D8C4B1C9E692800CC3202 /* CCColoredTitleButton.h */ = {isa = PBXFileReference; fileEncoding = 4; lastKnownFileType = sourcecode.c.h; path = CCColoredTitleButton.h; sourceTree = "<group>"; };
		B93D8C4C1C9E692800CC3202 /* CCColoredTitleButton.m */ = {isa = PBXFileReference; fileEncoding = 4; lastKnownFileType = sourcecode.c.objc; path = CCColoredTitleButton.m; sourceTree = "<group>"; };
		B9F32B261ABD2CE500CC5ABA /* icnMGroup_down.png */ = {isa = PBXFileReference; lastKnownFileType = image.png; path = icnMGroup_down.png; sourceTree = "<group>"; };
		B9F32B271ABD2CE500CC5ABA /* icnMGroup_off.png */ = {isa = PBXFileReference; lastKnownFileType = image.png; path = icnMGroup_off.png; sourceTree = "<group>"; };
		B9F32B281ABD2CE500CC5ABA /* icnMGroup_on.png */ = {isa = PBXFileReference; lastKnownFileType = image.png; path = icnMGroup_on.png; sourceTree = "<group>"; };
/* End PBXFileReference section */

/* Begin PBXFrameworksBuildPhase section */
		B9087391199908AD0061CFE3 /* Frameworks */ = {
			isa = PBXFrameworksBuildPhase;
			buildActionMask = 2147483647;
			files = (
				B9087398199908AD0061CFE3 /* Cocoa.framework in Frameworks */,
			);
			runOnlyForDeploymentPostprocessing = 0;
		};
		B90873B2199908AD0061CFE3 /* Frameworks */ = {
			isa = PBXFrameworksBuildPhase;
			buildActionMask = 2147483647;
			files = (
				B90873B8199908AE0061CFE3 /* Cocoa.framework in Frameworks */,
				B90873B7199908AE0061CFE3 /* XCTest.framework in Frameworks */,
			);
			runOnlyForDeploymentPostprocessing = 0;
		};
/* End PBXFrameworksBuildPhase section */

/* Begin PBXGroup section */
		B908738B199908AD0061CFE3 = {
			isa = PBXGroup;
			children = (
				B908739D199908AD0061CFE3 /* customButton */,
				B90873BB199908AE0061CFE3 /* customButtonTests */,
				B9087396199908AD0061CFE3 /* Frameworks */,
				B9087395199908AD0061CFE3 /* Products */,
			);
			sourceTree = "<group>";
		};
		B9087395199908AD0061CFE3 /* Products */ = {
			isa = PBXGroup;
			children = (
				B9087394199908AD0061CFE3 /* customButton.app */,
				B90873B5199908AD0061CFE3 /* customButtonTests.xctest */,
			);
			name = Products;
			sourceTree = "<group>";
		};
		B9087396199908AD0061CFE3 /* Frameworks */ = {
			isa = PBXGroup;
			children = (
				B9087397199908AD0061CFE3 /* Cocoa.framework */,
				B90873B6199908AD0061CFE3 /* XCTest.framework */,
				B9087399199908AD0061CFE3 /* Other Frameworks */,
			);
			name = Frameworks;
			sourceTree = "<group>";
		};
		B9087399199908AD0061CFE3 /* Other Frameworks */ = {
			isa = PBXGroup;
			children = (
				B908739A199908AD0061CFE3 /* AppKit.framework */,
				B908739B199908AD0061CFE3 /* CoreData.framework */,
				B908739C199908AD0061CFE3 /* Foundation.framework */,
			);
			name = "Other Frameworks";
			sourceTree = "<group>";
		};
		B908739D199908AD0061CFE3 /* customButton */ = {
			isa = PBXGroup;
			children = (
				B90873A9199908AD0061CFE3 /* AppDelegate.h */,
				B90873AA199908AD0061CFE3 /* AppDelegate.m */,
				B908740119990D5D0061CFE3 /* CCButton.h */,
				B908740219990D5D0061CFE3 /* CCButton.m */,
				B93D8C4B1C9E692800CC3202 /* CCColoredTitleButton.h */,
				B93D8C4C1C9E692800CC3202 /* CCColoredTitleButton.m */,
				B90873AC199908AD0061CFE3 /* MainMenu.xib */,
				B90873CB19990A500061CFE3 /* Graphics */,
				B90873AF199908AD0061CFE3 /* Images.xcassets */,
				B908739E199908AD0061CFE3 /* Supporting Files */,
			);
			path = customButton;
			sourceTree = "<group>";
		};
		B908739E199908AD0061CFE3 /* Supporting Files */ = {
			isa = PBXGroup;
			children = (
				B908739F199908AD0061CFE3 /* customButton-Info.plist */,
				B90873A0199908AD0061CFE3 /* InfoPlist.strings */,
				B90873A3199908AD0061CFE3 /* main.m */,
				B90873A5199908AD0061CFE3 /* customButton-Prefix.pch */,
				B90873A6199908AD0061CFE3 /* Credits.rtf */,
			);
			name = "Supporting Files";
			sourceTree = "<group>";
		};
		B90873BB199908AE0061CFE3 /* customButtonTests */ = {
			isa = PBXGroup;
			children = (
				B90873C1199908AE0061CFE3 /* customButtonTests.m */,
				B90873BC199908AE0061CFE3 /* Supporting Files */,
			);
			path = customButtonTests;
			sourceTree = "<group>";
		};
		B90873BC199908AE0061CFE3 /* Supporting Files */ = {
			isa = PBXGroup;
			children = (
				B90873BD199908AE0061CFE3 /* customButtonTests-Info.plist */,
				B90873BE199908AE0061CFE3 /* InfoPlist.strings */,
			);
			name = "Supporting Files";
			sourceTree = "<group>";
		};
		B90873CB19990A500061CFE3 /* Graphics */ = {
			isa = PBXGroup;
			children = (
				B9F32B261ABD2CE500CC5ABA /* icnMGroup_down.png */,
				B9F32B271ABD2CE500CC5ABA /* icnMGroup_off.png */,
				B9F32B281ABD2CE500CC5ABA /* icnMGroup_on.png */,
				B90873CC19990A500061CFE3 /* icnAct_down.png */,
				B90873CD19990A500061CFE3 /* icnAct_off.png */,
				B90873CE19990A500061CFE3 /* icnAct_on.png */,
			);
			path = Graphics;
			sourceTree = "<group>";
		};
/* End PBXGroup section */

/* Begin PBXNativeTarget section */
		B9087393199908AD0061CFE3 /* customButton */ = {
			isa = PBXNativeTarget;
			buildConfigurationList = B90873C5199908AE0061CFE3 /* Build configuration list for PBXNativeTarget "customButton" */;
			buildPhases = (
				B9087390199908AD0061CFE3 /* Sources */,
				B9087391199908AD0061CFE3 /* Frameworks */,
				B9087392199908AD0061CFE3 /* Resources */,
			);
			buildRules = (
			);
			dependencies = (
			);
			name = customButton;
			productName = customButton;
			productReference = B9087394199908AD0061CFE3 /* customButton.app */;
			productType = "com.apple.product-type.application";
		};
		B90873B4199908AD0061CFE3 /* customButtonTests */ = {
			isa = PBXNativeTarget;
			buildConfigurationList = B90873C8199908AE0061CFE3 /* Build configuration list for PBXNativeTarget "customButtonTests" */;
			buildPhases = (
				B90873B1199908AD0061CFE3 /* Sources */,
				B90873B2199908AD0061CFE3 /* Frameworks */,
				B90873B3199908AD0061CFE3 /* Resources */,
			);
			buildRules = (
			);
			dependencies = (
				B90873BA199908AE0061CFE3 /* PBXTargetDependency */,
			);
			name = customButtonTests;
			productName = customButtonTests;
			productReference = B90873B5199908AD0061CFE3 /* customButtonTests.xctest */;
			productType = "com.apple.product-type.bundle.unit-test";
		};
/* End PBXNativeTarget section */

/* Begin PBXProject section */
		B908738C199908AD0061CFE3 /* Project object */ = {
			isa = PBXProject;
			attributes = {
				LastUpgradeCheck = 0720;
				ORGANIZATIONNAME = "Saori Kohno";
				TargetAttributes = {
					B90873B4199908AD0061CFE3 = {
						TestTargetID = B9087393199908AD0061CFE3;
					};
				};
			};
			buildConfigurationList = B908738F199908AD0061CFE3 /* Build configuration list for PBXProject "customButton" */;
			compatibilityVersion = "Xcode 3.2";
			developmentRegion = English;
			hasScannedForEncodings = 0;
			knownRegions = (
				en,
				Base,
			);
			mainGroup = B908738B199908AD0061CFE3;
			productRefGroup = B9087395199908AD0061CFE3 /* Products */;
			projectDirPath = "";
			projectRoot = "";
			targets = (
				B9087393199908AD0061CFE3 /* customButton */,
				B90873B4199908AD0061CFE3 /* customButtonTests */,
			);
		};
/* End PBXProject section */

/* Begin PBXResourcesBuildPhase section */
		B9087392199908AD0061CFE3 /* Resources */ = {
			isa = PBXResourcesBuildPhase;
			buildActionMask = 2147483647;
			files = (
				B9F32B291ABD2CE500CC5ABA /* icnMGroup_down.png in Resources */,
				B90873A2199908AD0061CFE3 /* InfoPlist.strings in Resources */,
				B90873E519990A500061CFE3 /* icnAct_down.png in Resources */,
				B9F32B2B1ABD2CE500CC5ABA /* icnMGroup_on.png in Resources */,
				B90873B0199908AD0061CFE3 /* Images.xcassets in Resources */,
				B90873E619990A500061CFE3 /* icnAct_off.png in Resources */,
				B90873A8199908AD0061CFE3 /* Credits.rtf in Resources */,
				B90873AE199908AD0061CFE3 /* MainMenu.xib in Resources */,
				B90873E719990A500061CFE3 /* icnAct_on.png in Resources */,
				B9F32B2A1ABD2CE500CC5ABA /* icnMGroup_off.png in Resources */,
			);
			runOnlyForDeploymentPostprocessing = 0;
		};
		B90873B3199908AD0061CFE3 /* Resources */ = {
			isa = PBXResourcesBuildPhase;
			buildActionMask = 2147483647;
			files = (
				B90873C0199908AE0061CFE3 /* InfoPlist.strings in Resources */,
			);
			runOnlyForDeploymentPostprocessing = 0;
		};
/* End PBXResourcesBuildPhase section */

/* Begin PBXSourcesBuildPhase section */
		B9087390199908AD0061CFE3 /* Sources */ = {
			isa = PBXSourcesBuildPhase;
			buildActionMask = 2147483647;
			files = (
				B90873AB199908AD0061CFE3 /* AppDelegate.m in Sources */,
				B93D8C4D1C9E692800CC3202 /* CCColoredTitleButton.m in Sources */,
				B90873A4199908AD0061CFE3 /* main.m in Sources */,
				B908740319990D5D0061CFE3 /* CCButton.m in Sources */,
			);
			runOnlyForDeploymentPostprocessing = 0;
		};
		B90873B1199908AD0061CFE3 /* Sources */ = {
			isa = PBXSourcesBuildPhase;
			buildActionMask = 2147483647;
			files = (
				B90873C2199908AE0061CFE3 /* customButtonTests.m in Sources */,
			);
			runOnlyForDeploymentPostprocessing = 0;
		};
/* End PBXSourcesBuildPhase section */

/* Begin PBXTargetDependency section */
		B90873BA199908AE0061CFE3 /* PBXTargetDependency */ = {
			isa = PBXTargetDependency;
			target = B9087393199908AD0061CFE3 /* customButton */;
			targetProxy = B90873B9199908AE0061CFE3 /* PBXContainerItemProxy */;
		};
/* End PBXTargetDependency section */

/* Begin PBXVariantGroup section */
		B90873A0199908AD0061CFE3 /* InfoPlist.strings */ = {
			isa = PBXVariantGroup;
			children = (
				B90873A1199908AD0061CFE3 /* en */,
			);
			name = InfoPlist.strings;
			sourceTree = "<group>";
		};
		B90873A6199908AD0061CFE3 /* Credits.rtf */ = {
			isa = PBXVariantGroup;
			children = (
				B90873A7199908AD0061CFE3 /* en */,
			);
			name = Credits.rtf;
			sourceTree = "<group>";
		};
		B90873AC199908AD0061CFE3 /* MainMenu.xib */ = {
			isa = PBXVariantGroup;
			children = (
				B90873AD199908AD0061CFE3 /* Base */,
			);
			name = MainMenu.xib;
			sourceTree = "<group>";
		};
		B90873BE199908AE0061CFE3 /* InfoPlist.strings */ = {
			isa = PBXVariantGroup;
			children = (
				B90873BF199908AE0061CFE3 /* en */,
			);
			name = InfoPlist.strings;
			sourceTree = "<group>";
		};
/* End PBXVariantGroup section */

/* Begin XCBuildConfiguration section */
		B90873C3199908AE0061CFE3 /* Debug */ = {
			isa = XCBuildConfiguration;
			buildSettings = {
				ALWAYS_SEARCH_USER_PATHS = NO;
				CLANG_CXX_LANGUAGE_STANDARD = "gnu++0x";
				CLANG_CXX_LIBRARY = "libc++";
				CLANG_ENABLE_MODULES = YES;
				CLANG_ENABLE_OBJC_ARC = YES;
				CLANG_WARN_BOOL_CONVERSION = YES;
				CLANG_WARN_CONSTANT_CONVERSION = YES;
				CLANG_WARN_DIRECT_OBJC_ISA_USAGE = YES_ERROR;
				CLANG_WARN_EMPTY_BODY = YES;
				CLANG_WARN_ENUM_CONVERSION = YES;
				CLANG_WARN_INT_CONVERSION = YES;
				CLANG_WARN_OBJC_ROOT_CLASS = YES_ERROR;
				CLANG_WARN__DUPLICATE_METHOD_MATCH = YES;
				COPY_PHASE_STRIP = NO;
				ENABLE_TESTABILITY = YES;
				GCC_C_LANGUAGE_STANDARD = gnu99;
				GCC_DYNAMIC_NO_PIC = NO;
				GCC_ENABLE_OBJC_EXCEPTIONS = YES;
				GCC_OPTIMIZATION_LEVEL = 0;
				GCC_PREPROCESSOR_DEFINITIONS = (
					"DEBUG=1",
					"$(inherited)",
				);
				GCC_SYMBOLS_PRIVATE_EXTERN = NO;
				GCC_WARN_64_TO_32_BIT_CONVERSION = YES;
				GCC_WARN_ABOUT_RETURN_TYPE = YES_ERROR;
				GCC_WARN_UNDECLARED_SELECTOR = YES;
				GCC_WARN_UNINITIALIZED_AUTOS = YES_AGGRESSIVE;
				GCC_WARN_UNUSED_FUNCTION = YES;
				GCC_WARN_UNUSED_VARIABLE = YES;
				MACOSX_DEPLOYMENT_TARGET = 10.9;
				ONLY_ACTIVE_ARCH = YES;
				SDKROOT = macosx;
			};
			name = Debug;
		};
		B90873C4199908AE0061CFE3 /* Release */ = {
			isa = XCBuildConfiguration;
			buildSettings = {
				ALWAYS_SEARCH_USER_PATHS = NO;
				CLANG_CXX_LANGUAGE_STANDARD = "gnu++0x";
				CLANG_CXX_LIBRARY = "libc++";
				CLANG_ENABLE_MODULES = YES;
				CLANG_ENABLE_OBJC_ARC = YES;
				CLANG_WARN_BOOL_CONVERSION = YES;
				CLANG_WARN_CONSTANT_CONVERSION = YES;
				CLANG_WARN_DIRECT_OBJC_ISA_USAGE = YES_ERROR;
				CLANG_WARN_EMPTY_BODY = YES;
				CLANG_WARN_ENUM_CONVERSION = YES;
				CLANG_WARN_INT_CONVERSION = YES;
				CLANG_WARN_OBJC_ROOT_CLASS = YES_ERROR;
				CLANG_WARN__DUPLICATE_METHOD_MATCH = YES;
				COPY_PHASE_STRIP = YES;
				DEBUG_INFORMATION_FORMAT = "dwarf-with-dsym";
				ENABLE_NS_ASSERTIONS = NO;
				GCC_C_LANGUAGE_STANDARD = gnu99;
				GCC_ENABLE_OBJC_EXCEPTIONS = YES;
				GCC_WARN_64_TO_32_BIT_CONVERSION = YES;
				GCC_WARN_ABOUT_RETURN_TYPE = YES_ERROR;
				GCC_WARN_UNDECLARED_SELECTOR = YES;
				GCC_WARN_UNINITIALIZED_AUTOS = YES_AGGRESSIVE;
				GCC_WARN_UNUSED_FUNCTION = YES;
				GCC_WARN_UNUSED_VARIABLE = YES;
				MACOSX_DEPLOYMENT_TARGET = 10.9;
				SDKROOT = macosx;
			};
			name = Release;
		};
		B90873C6199908AE0061CFE3 /* Debug */ = {
			isa = XCBuildConfiguration;
			buildSettings = {
				ASSETCATALOG_COMPILER_APPICON_NAME = AppIcon;
				COMBINE_HIDPI_IMAGES = YES;
				GCC_PRECOMPILE_PREFIX_HEADER = YES;
				GCC_PREFIX_HEADER = "customButton/customButton-Prefix.pch";
				INFOPLIST_FILE = "customButton/customButton-Info.plist";
				PRODUCT_BUNDLE_IDENTIFIER = "com.Sao.${PRODUCT_NAME:rfc1034identifier}";
				PRODUCT_NAME = "$(TARGET_NAME)";
				SDKROOT = macosx;
				WRAPPER_EXTENSION = app;
			};
			name = Debug;
		};
		B90873C7199908AE0061CFE3 /* Release */ = {
			isa = XCBuildConfiguration;
			buildSettings = {
				ASSETCATALOG_COMPILER_APPICON_NAME = AppIcon;
				COMBINE_HIDPI_IMAGES = YES;
				GCC_PRECOMPILE_PREFIX_HEADER = YES;
				GCC_PREFIX_HEADER = "customButton/customButton-Prefix.pch";
				INFOPLIST_FILE = "customButton/customButton-Info.plist";
				PRODUCT_BUNDLE_IDENTIFIER = "com.Sao.${PRODUCT_NAME:rfc1034identifier}";
				PRODUCT_NAME = "$(TARGET_NAME)";
				SDKROOT = macosx;
				WRAPPER_EXTENSION = app;
			};
			name = Release;
		};
		B90873C9199908AE0061CFE3 /* Debug */ = {
			isa = XCBuildConfiguration;
			buildSettings = {
				BUNDLE_LOADER = "$(BUILT_PRODUCTS_DIR)/customButton.app/Contents/MacOS/customButton";
				COMBINE_HIDPI_IMAGES = YES;
				FRAMEWORK_SEARCH_PATHS = (
					"$(DEVELOPER_FRAMEWORKS_DIR)",
					"$(inherited)",
				);
				GCC_PRECOMPILE_PREFIX_HEADER = YES;
				GCC_PREFIX_HEADER = "customButton/customButton-Prefix.pch";
				GCC_PREPROCESSOR_DEFINITIONS = (
					"DEBUG=1",
					"$(inherited)",
				);
				INFOPLIST_FILE = "customButtonTests/customButtonTests-Info.plist";
				PRODUCT_BUNDLE_IDENTIFIER = "com.Sao.${PRODUCT_NAME:rfc1034identifier}";
				PRODUCT_NAME = "$(TARGET_NAME)";
				SDKROOT = macosx;
				TEST_HOST = "$(BUNDLE_LOADER)";
				WRAPPER_EXTENSION = xctest;
			};
			name = Debug;
		};
		B90873CA199908AE0061CFE3 /* Release */ = {
			isa = XCBuildConfiguration;
			buildSettings = {
				BUNDLE_LOADER = "$(BUILT_PRODUCTS_DIR)/customButton.app/Contents/MacOS/customButton";
				COMBINE_HIDPI_IMAGES = YES;
				FRAMEWORK_SEARCH_PATHS = (
					"$(DEVELOPER_FRAMEWORKS_DIR)",
					"$(inherited)",
				);
				GCC_PRECOMPILE_PREFIX_HEADER = YES;
				GCC_PREFIX_HEADER = "customButton/customButton-Prefix.pch";
				INFOPLIST_FILE = "customButtonTests/customButtonTests-Info.plist";
				PRODUCT_BUNDLE_IDENTIFIER = "com.Sao.${PRODUCT_NAME:rfc1034identifier}";
				PRODUCT_NAME = "$(TARGET_NAME)";
				SDKROOT = macosx;
				TEST_HOST = "$(BUNDLE_LOADER)";
				WRAPPER_EXTENSION = xctest;
			};
			name = Release;
		};
/* End XCBuildConfiguration section */

/* Begin XCConfigurationList section */
		B908738F199908AD0061CFE3 /* Build configuration list for PBXProject "customButton" */ = {
			isa = XCConfigurationList;
			buildConfigurations = (
				B90873C3199908AE0061CFE3 /* Debug */,
				B90873C4199908AE0061CFE3 /* Release */,
			);
			defaultConfigurationIsVisible = 0;
			defaultConfigurationName = Release;
		};
		B90873C5199908AE0061CFE3 /* Build configuration list for PBXNativeTarget "customButton" */ = {
			isa = XCConfigurationList;
			buildConfigurations = (
				B90873C6199908AE0061CFE3 /* Debug */,
				B90873C7199908AE0061CFE3 /* Release */,
			);
			defaultConfigurationIsVisible = 0;
			defaultConfigurationName = Release;
		};
		B90873C8199908AE0061CFE3 /* Build configuration list for PBXNativeTarget "customButtonTests" */ = {
			isa = XCConfigurationList;
			buildConfigurations = (
				B90873C9199908AE0061CFE3 /* Debug */,
				B90873CA199908AE0061CFE3 /* Release */,
			);
			defaultConfigurationIsVisible = 0;
			defaultConfigurationName = Release;
		};
/* End XCConfigurationList section */
	};
	rootObject = B908738C199908AD0061CFE3 /* Project object */;
}
